
Microsoft Visual Studio Solution File, Format Version 12.00
# Visual Studio 15
VisualStudioVersion = 15.0.28307.1340
MinimumVisualStudioVersion = 10.0.40219.1
Project("{FAE04EC0-301F-11D3-BF4B-00C04F79EFBC}") = "Racing_Game", "Racing_Game\Racing_Game.csproj", "{399AF64C-13AC-47AA-9EC4-66509BA51790}"
EndProject
Global
	GlobalSection(SolutionConfigurationPlatforms) = preSolution
		Debug|Any CPU = Debug|Any CPU
		Release|Any CPU = Release|Any CPU
	EndGlobalSection
	GlobalSection(ProjectConfigurationPlatforms) = postSolution
		{399AF64C-13AC-47AA-9EC4-66509BA51790}.Debug|Any CPU.ActiveCfg = Debug|Any CPU
		{399AF64C-13AC-47AA-9EC4-66509BA51790}.Debug|Any CPU.Build.0 = Debug|Any CPU
		{399AF64C-13AC-47AA-9EC4-66509BA51790}.Release|Any CPU.ActiveCfg = Release|Any CPU
		{399AF64C-13AC-47AA-9EC4-66509BA51790}.Release|Any CPU.Build.0 = Release|Any CPU
	EndGlobalSection
	GlobalSection(SolutionProperties) = preSolution
		HideSolutionNode = FALSE
	EndGlobalSection
	GlobalSection(ExtensibilityGlobals) = postSolution
		SolutionGuid = {7C1FA9B7-C66C-4430-B128-7255DC0CBB31}
	EndGlobalSection
EndGlobal
